
Microsoft Visual Studio Solution File, Format Version 12.00
# Visual Studio Version 16
VisualStudioVersion = 16.0.31005.135
MinimumVisualStudioVersion = 10.0.40219.1
Project("{FAE04EC0-301F-11D3-BF4B-00C04F79EFBC}") = "WordLadder.App", "WordLadder\WordLadder.App.csproj", "{C92EBBC8-7D97-4650-98AF-9D9DBBB83D1A}"
EndProject
Project("{FAE04EC0-301F-11D3-BF4B-00C04F79EFBC}") = "WordLadder.Service", "Service\WordLadder.Service.csproj", "{B9D46CFA-0F55-4096-ACC6-086BD2BD6A94}"
EndProject
Global
	GlobalSection(SolutionConfigurationPlatforms) = preSolution
		Debug|Any CPU = Debug|Any CPU
		Release|Any CPU = Release|Any CPU
	EndGlobalSection
	GlobalSection(ProjectConfigurationPlatforms) = postSolution
		{C92EBBC8-7D97-4650-98AF-9D9DBBB83D1A}.Debug|Any CPU.ActiveCfg = Debug|Any CPU
		{C92EBBC8-7D97-4650-98AF-9D9DBBB83D1A}.Debug|Any CPU.Build.0 = Debug|Any CPU
		{C92EBBC8-7D97-4650-98AF-9D9DBBB83D1A}.Release|Any CPU.ActiveCfg = Release|Any CPU
		{C92EBBC8-7D97-4650-98AF-9D9DBBB83D1A}.Release|Any CPU.Build.0 = Release|Any CPU
		{B9D46CFA-0F55-4096-ACC6-086BD2BD6A94}.Debug|Any CPU.ActiveCfg = Debug|Any CPU
		{B9D46CFA-0F55-4096-ACC6-086BD2BD6A94}.Debug|Any CPU.Build.0 = Debug|Any CPU
		{B9D46CFA-0F55-4096-ACC6-086BD2BD6A94}.Release|Any CPU.ActiveCfg = Release|Any CPU
		{B9D46CFA-0F55-4096-ACC6-086BD2BD6A94}.Release|Any CPU.Build.0 = Release|Any CPU
	EndGlobalSection
	GlobalSection(SolutionProperties) = preSolution
		HideSolutionNode = FALSE
	EndGlobalSection
	GlobalSection(ExtensibilityGlobals) = postSolution
		SolutionGuid = {62DE3895-A44C-4C51-9031-C69A9BC40C0D}
	EndGlobalSection
EndGlobal
